
Microsoft Visual Studio Solution File, Format Version 12.00
# Visual Studio 15
VisualStudioVersion = 15.0.28307.1738
MinimumVisualStudioVersion = 10.0.40219.1
Project("{FAE04EC0-301F-11D3-BF4B-00C04F79EFBC}") = "AppTarefa.Android", "AppTarefa\AppTarefa.Android\AppTarefa.Android.csproj", "{B05EF933-9834-4DF8-B23F-73CF7A62C4DF}"
EndProject
Project("{FAE04EC0-301F-11D3-BF4B-00C04F79EFBC}") = "AppTarefa.iOS", "AppTarefa\AppTarefa.iOS\AppTarefa.iOS.csproj", "{9D7B89E4-58D9-4594-98E8-B7F036D71665}"
EndProject
Project("{FAE04EC0-301F-11D3-BF4B-00C04F79EFBC}") = "AppTarefa.UWP", "AppTarefa\AppTarefa.UWP\AppTarefa.UWP.csproj", "{EE7B296F-618A-4001-95D4-C1489575CC02}"
EndProject
Project("{FAE04EC0-301F-11D3-BF4B-00C04F79EFBC}") = "AppTarefa", "AppTarefa\AppTarefa\AppTarefa.csproj", "{0D2AAFA8-50A2-461F-BB00-E0438773BB36}"
EndProject
Global
	GlobalSection(SolutionConfigurationPlatforms) = preSolution
		Ad-Hoc|Any CPU = Ad-Hoc|Any CPU
		Ad-Hoc|ARM = Ad-Hoc|ARM
		Ad-Hoc|iPhone = Ad-Hoc|iPhone
		Ad-Hoc|iPhoneSimulator = Ad-Hoc|iPhoneSimulator
		Ad-Hoc|x64 = Ad-Hoc|x64
		Ad-Hoc|x86 = Ad-Hoc|x86
		AppStore|Any CPU = AppStore|Any CPU
		AppStore|ARM = AppStore|ARM
		AppStore|iPhone = AppStore|iPhone
		AppStore|iPhoneSimulator = AppStore|iPhoneSimulator
		AppStore|x64 = AppStore|x64
		AppStore|x86 = AppStore|x86
		Debug|Any CPU = Debug|Any CPU
		Debug|ARM = Debug|ARM
		Debug|iPhone = Debug|iPhone
		Debug|iPhoneSimulator = Debug|iPhoneSimulator
		Debug|x64 = Debug|x64
		Debug|x86 = Debug|x86
		Release|Any CPU = Release|Any CPU
		Release|ARM = Release|ARM
		Release|iPhone = Release|iPhone
		Release|iPhoneSimulator = Release|iPhoneSimulator
		Release|x64 = Release|x64
		Release|x86 = Release|x86
	EndGlobalSection
	GlobalSection(ProjectConfigurationPlatforms) = postSolution
		{B05EF933-9834-4DF8-B23F-73CF7A62C4DF}.Ad-Hoc|Any CPU.ActiveCfg = Release|Any CPU
		{B05EF933-9834-4DF8-B23F-73CF7A62C4DF}.Ad-Hoc|Any CPU.Build.0 = Release|Any CPU
		{B05EF933-9834-4DF8-B23F-73CF7A62C4DF}.Ad-Hoc|Any CPU.Deploy.0 = Release|Any CPU
		{B05EF933-9834-4DF8-B23F-73CF7A62C4DF}.Ad-Hoc|ARM.ActiveCfg = Release|Any CPU
		{B05EF933-9834-4DF8-B23F-73CF7A62C4DF}.Ad-Hoc|ARM.Build.0 = Release|Any CPU
		{B05EF933-9834-4DF8-B23F-73CF7A62C4DF}.Ad-Hoc|ARM.Deploy.0 = Release|Any CPU
		{B05EF933-9834-4DF8-B23F-73CF7A62C4DF}.Ad-Hoc|iPhone.ActiveCfg = Release|Any CPU
		{B05EF933-9834-4DF8-B23F-73CF7A62C4DF}.Ad-Hoc|iPhone.Build.0 = Release|Any CPU
		{B05EF933-9834-4DF8-B23F-73CF7A62C4DF}.Ad-Hoc|iPhone.Deploy.0 = Release|Any CPU
		{B05EF933-9834-4DF8-B23F-73CF7A62C4DF}.Ad-Hoc|iPhoneSimulator.ActiveCfg = Release|Any CPU
		{B05EF933-9834-4DF8-B23F-73CF7A62C4DF}.Ad-Hoc|iPhoneSimulator.Build.0 = Release|Any CPU
		{B05EF933-9834-4DF8-B23F-73CF7A62C4DF}.Ad-Hoc|iPhoneSimulator.Deploy.0 = Release|Any CPU
		{B05EF933-9834-4DF8-B23F-73CF7A62C4DF}.Ad-Hoc|x64.ActiveCfg = Release|Any CPU
		{B05EF933-9834-4DF8-B23F-73CF7A62C4DF}.Ad-Hoc|x64.Build.0 = Release|Any CPU
		{B05EF933-9834-4DF8-B23F-73CF7A62C4DF}.Ad-Hoc|x64.Deploy.0 = Release|Any CPU
		{B05EF933-9834-4DF8-B23F-73CF7A62C4DF}.Ad-Hoc|x86.ActiveCfg = Release|Any CPU
		{B05EF933-9834-4DF8-B23F-73CF7A62C4DF}.Ad-Hoc|x86.Build.0 = Release|Any CPU
		{B05EF933-9834-4DF8-B23F-73CF7A62C4DF}.Ad-Hoc|x86.Deploy.0 = Release|Any CPU
		{B05EF933-9834-4DF8-B23F-73CF7A62C4DF}.AppStore|Any CPU.ActiveCfg = Release|Any CPU
		{B05EF933-9834-4DF8-B23F-73CF7A62C4DF}.AppStore|Any CPU.Build.0 = Release|Any CPU
		{B05EF933-9834-4DF8-B23F-73CF7A62C4DF}.AppStore|Any CPU.Deploy.0 = Release|Any CPU
		{B05EF933-9834-4DF8-B23F-73CF7A62C4DF}.AppStore|ARM.ActiveCfg = Release|Any CPU
		{B05EF933-9834-4DF8-B23F-73CF7A62C4DF}.AppStore|ARM.Build.0 = Release|Any CPU
		{B05EF933-9834-4DF8-B23F-73CF7A62C4DF}.AppStore|ARM.Deploy.0 = Release|Any CPU
		{B05EF933-9834-4DF8-B23F-73CF7A62C4DF}.AppStore|iPhone.ActiveCfg = Release|Any CPU
		{B05EF933-9834-4DF8-B23F-73CF7A62C4DF}.AppStore|iPhone.Build.0 = Release|Any CPU
		{B05EF933-9834-4DF8-B23F-73CF7A62C4DF}.AppStore|iPhone.Deploy.0 = Release|Any CPU
		{B05EF933-9834-4DF8-B23F-73CF7A62C4DF}.AppStore|iPhoneSimulator.ActiveCfg = Release|Any CPU
		{B05EF933-9834-4DF8-B23F-73CF7A62C4DF}.AppStore|iPhoneSimulator.Build.0 = Release|Any CPU
		{B05EF933-9834-4DF8-B23F-73CF7A62C4DF}.AppStore|iPhoneSimulator.Deploy.0 = Release|Any CPU
		{B05EF933-9834-4DF8-B23F-73CF7A62C4DF}.AppStore|x64.ActiveCfg = Release|Any CPU
		{B05EF933-9834-4DF8-B23F-73CF7A62C4DF}.AppStore|x64.Build.0 = Release|Any CPU
		{B05EF933-9834-4DF8-B23F-73CF7A62C4DF}.AppStore|x64.Deploy.0 = Release|Any CPU
		{B05EF933-9834-4DF8-B23F-73CF7A62C4DF}.AppStore|x86.ActiveCfg = Release|Any CPU
		{B05EF933-9834-4DF8-B23F-73CF7A62C4DF}.AppStore|x86.Build.0 = Release|Any CPU
		{B05EF933-9834-4DF8-B23F-73CF7A62C4DF}.AppStore|x86.Deploy.0 = Release|Any CPU
		{B05EF933-9834-4DF8-B23F-73CF7A62C4DF}.Debug|Any CPU.ActiveCfg = Debug|Any CPU
		{B05EF933-9834-4DF8-B23F-73CF7A62C4DF}.Debug|Any CPU.Build.0 = Debug|Any CPU
		{B05EF933-9834-4DF8-B23F-73CF7A62C4DF}.Debug|Any CPU.Deploy.0 = Debug|Any CPU
		{B05EF933-9834-4DF8-B23F-73CF7A62C4DF}.Debug|ARM.ActiveCfg = Debug|Any CPU
		{B05EF933-9834-4DF8-B23F-73CF7A62C4DF}.Debug|ARM.Build.0 = Debug|Any CPU
		{B05EF933-9834-4DF8-B23F-73CF7A62C4DF}.Debug|ARM.Deploy.0 = Debug|Any CPU
		{B05EF933-9834-4DF8-B23F-73CF7A62C4DF}.Debug|iPhone.ActiveCfg = Debug|Any CPU
		{B05EF933-9834-4DF8-B23F-73CF7A62C4DF}.Debug|iPhone.Build.0 = Debug|Any CPU
		{B05EF933-9834-4DF8-B23F-73CF7A62C4DF}.Debug|iPhone.Deploy.0 = Debug|Any CPU
		{B05EF933-9834-4DF8-B23F-73CF7A62C4DF}.Debug|iPhoneSimulator.ActiveCfg = Debug|Any CPU
		{B05EF933-9834-4DF8-B23F-73CF7A62C4DF}.Debug|iPhoneSimulator.Build.0 = Debug|Any CPU
		{B05EF933-9834-4DF8-B23F-73CF7A62C4DF}.Debug|iPhoneSimulator.Deploy.0 = Debug|Any CPU
		{B05EF933-9834-4DF8-B23F-73CF7A62C4DF}.Debug|x64.ActiveCfg = Debug|Any CPU
		{B05EF933-9834-4DF8-B23F-73CF7A62C4DF}.Debug|x64.Build.0 = Debug|Any CPU
		{B05EF933-9834-4DF8-B23F-73CF7A62C4DF}.Debug|x64.Deploy.0 = Debug|Any CPU
		{B05EF933-9834-4DF8-B23F-73CF7A62C4DF}.Debug|x86.ActiveCfg = Debug|Any CPU
		{B05EF933-9834-4DF8-B23F-73CF7A62C4DF}.Debug|x86.Build.0 = Debug|Any CPU
		{B05EF933-9834-4DF8-B23F-73CF7A62C4DF}.Debug|x86.Deploy.0 = Debug|Any CPU
		{B05EF933-9834-4DF8-B23F-73CF7A62C4DF}.Release|Any CPU.ActiveCfg = Release|Any CPU
		{B05EF933-9834-4DF8-B23F-73CF7A62C4DF}.Release|Any CPU.Build.0 = Release|Any CPU
		{B05EF933-9834-4DF8-B23F-73CF7A62C4DF}.Release|Any CPU.Deploy.0 = Release|Any CPU
		{B05EF933-9834-4DF8-B23F-73CF7A62C4DF}.Release|ARM.ActiveCfg = Release|Any CPU
		{B05EF933-9834-4DF8-B23F-73CF7A62C4DF}.Release|ARM.Build.0 = Release|Any CPU
		{B05EF933-9834-4DF8-B23F-73CF7A62C4DF}.Release|ARM.Deploy.0 = Release|Any CPU
		{B05EF933-9834-4DF8-B23F-73CF7A62C4DF}.Release|iPhone.ActiveCfg = Release|Any CPU
		{B05EF933-9834-4DF8-B23F-73CF7A62C4DF}.Release|iPhone.Build.0 = Release|Any CPU
		{B05EF933-9834-4DF8-B23F-73CF7A62C4DF}.Release|iPhone.Deploy.0 = Release|Any CPU
		{B05EF933-9834-4DF8-B23F-73CF7A62C4DF}.Release|iPhoneSimulator.ActiveCfg = Release|Any CPU
		{B05EF933-9834-4DF8-B23F-73CF7A62C4DF}.Release|iPhoneSimulator.Build.0 = Release|Any CPU
		{B05EF933-9834-4DF8-B23F-73CF7A62C4DF}.Release|iPhoneSimulator.Deploy.0 = Release|Any CPU
		{B05EF933-9834-4DF8-B23F-73CF7A62C4DF}.Release|x64.ActiveCfg = Release|Any CPU
		{B05EF933-9834-4DF8-B23F-73CF7A62C4DF}.Release|x64.Build.0 = Release|Any CPU
		{B05EF933-9834-4DF8-B23F-73CF7A62C4DF}.Release|x64.Deploy.0 = Release|Any CPU
		{B05EF933-9834-4DF8-B23F-73CF7A62C4DF}.Release|x86.ActiveCfg = Release|Any CPU
		{B05EF933-9834-4DF8-B23F-73CF7A62C4DF}.Release|x86.Build.0 = Release|Any CPU
		{B05EF933-9834-4DF8-B23F-73CF7A62C4DF}.Release|x86.Deploy.0 = Release|Any CPU
		{9D7B89E4-58D9-4594-98E8-B7F036D71665}.Ad-Hoc|Any CPU.ActiveCfg = Ad-Hoc|iPhone
		{9D7B89E4-58D9-4594-98E8-B7F036D71665}.Ad-Hoc|Any CPU.Build.0 = Ad-Hoc|iPhone
		{9D7B89E4-58D9-4594-98E8-B7F036D71665}.Ad-Hoc|Any CPU.Deploy.0 = Ad-Hoc|iPhone
		{9D7B89E4-58D9-4594-98E8-B7F036D71665}.Ad-Hoc|ARM.ActiveCfg = Ad-Hoc|iPhone
		{9D7B89E4-58D9-4594-98E8-B7F036D71665}.Ad-Hoc|ARM.Build.0 = Ad-Hoc|iPhone
		{9D7B89E4-58D9-4594-98E8-B7F036D71665}.Ad-Hoc|ARM.Deploy.0 = Ad-Hoc|iPhone
		{9D7B89E4-58D9-4594-98E8-B7F036D71665}.Ad-Hoc|iPhone.ActiveCfg = Ad-Hoc|iPhone
		{9D7B89E4-58D9-4594-98E8-B7F036D71665}.Ad-Hoc|iPhone.Build.0 = Ad-Hoc|iPhone
		{9D7B89E4-58D9-4594-98E8-B7F036D71665}.Ad-Hoc|iPhone.Deploy.0 = Ad-Hoc|iPhone
		{9D7B89E4-58D9-4594-98E8-B7F036D71665}.Ad-Hoc|iPhoneSimulator.ActiveCfg = Ad-Hoc|iPhoneSimulator
		{9D7B89E4-58D9-4594-98E8-B7F036D71665}.Ad-Hoc|iPhoneSimulator.Build.0 = Ad-Hoc|iPhoneSimulator
		{9D7B89E4-58D9-4594-98E8-B7F036D71665}.Ad-Hoc|iPhoneSimulator.Deploy.0 = Ad-Hoc|iPhoneSimulator
		{9D7B89E4-58D9-4594-98E8-B7F036D71665}.Ad-Hoc|x64.ActiveCfg = Ad-Hoc|iPhone
		{9D7B89E4-58D9-4594-98E8-B7F036D71665}.Ad-Hoc|x64.Build.0 = Ad-Hoc|iPhone
		{9D7B89E4-58D9-4594-98E8-B7F036D71665}.Ad-Hoc|x64.Deploy.0 = Ad-Hoc|iPhone
		{9D7B89E4-58D9-4594-98E8-B7F036D71665}.Ad-Hoc|x86.ActiveCfg = Ad-Hoc|iPhone
		{9D7B89E4-58D9-4594-98E8-B7F036D71665}.Ad-Hoc|x86.Build.0 = Ad-Hoc|iPhone
		{9D7B89E4-58D9-4594-98E8-B7F036D71665}.Ad-Hoc|x86.Deploy.0 = Ad-Hoc|iPhone
		{9D7B89E4-58D9-4594-98E8-B7F036D71665}.AppStore|Any CPU.ActiveCfg = AppStore|iPhone
		{9D7B89E4-58D9-4594-98E8-B7F036D71665}.AppStore|Any CPU.Build.0 = AppStore|iPhone
		{9D7B89E4-58D9-4594-98E8-B7F036D71665}.AppStore|Any CPU.Deploy.0 = AppStore|iPhone
		{9D7B89E4-58D9-4594-98E8-B7F036D71665}.AppStore|ARM.ActiveCfg = AppStore|iPhone
		{9D7B89E4-58D9-4594-98E8-B7F036D71665}.AppStore|ARM.Build.0 = AppStore|iPhone
		{9D7B89E4-58D9-4594-98E8-B7F036D71665}.AppStore|ARM.Deploy.0 = AppStore|iPhone
		{9D7B89E4-58D9-4594-98E8-B7F036D71665}.AppStore|iPhone.ActiveCfg = AppStore|iPhone
		{9D7B89E4-58D9-4594-98E8-B7F036D71665}.AppStore|iPhone.Build.0 = AppStore|iPhone
		{9D7B89E4-58D9-4594-98E8-B7F036D71665}.AppStore|iPhone.Deploy.0 = AppStore|iPhone
		{9D7B89E4-58D9-4594-98E8-B7F036D71665}.AppStore|iPhoneSimulator.ActiveCfg = AppStore|iPhoneSimulator
		{9D7B89E4-58D9-4594-98E8-B7F036D71665}.AppStore|iPhoneSimulator.Build.0 = AppStore|iPhoneSimulator
		{9D7B89E4-58D9-4594-98E8-B7F036D71665}.AppStore|iPhoneSimulator.Deploy.0 = AppStore|iPhoneSimulator
		{9D7B89E4-58D9-4594-98E8-B7F036D71665}.AppStore|x64.ActiveCfg = AppStore|iPhone
		{9D7B89E4-58D9-4594-98E8-B7F036D71665}.AppStore|x64.Build.0 = AppStore|iPhone
		{9D7B89E4-58D9-4594-98E8-B7F036D71665}.AppStore|x64.Deploy.0 = AppStore|iPhone
		{9D7B89E4-58D9-4594-98E8-B7F036D71665}.AppStore|x86.ActiveCfg = AppStore|iPhone
		{9D7B89E4-58D9-4594-98E8-B7F036D71665}.AppStore|x86.Build.0 = AppStore|iPhone
		{9D7B89E4-58D9-4594-98E8-B7F036D71665}.AppStore|x86.Deploy.0 = AppStore|iPhone
		{9D7B89E4-58D9-4594-98E8-B7F036D71665}.Debug|Any CPU.ActiveCfg = Debug|iPhoneSimulator
		{9D7B89E4-58D9-4594-98E8-B7F036D71665}.Debug|Any CPU.Build.0 = Debug|iPhoneSimulator
		{9D7B89E4-58D9-4594-98E8-B7F036D71665}.Debug|Any CPU.Deploy.0 = Debug|iPhoneSimulator
		{9D7B89E4-58D9-4594-98E8-B7F036D71665}.Debug|ARM.ActiveCfg = Debug|iPhone
		{9D7B89E4-58D9-4594-98E8-B7F036D71665}.Debug|ARM.Build.0 = Debug|iPhone
		{9D7B89E4-58D9-4594-98E8-B7F036D71665}.Debug|ARM.Deploy.0 = Debug|iPhone
		{9D7B89E4-58D9-4594-98E8-B7F036D71665}.Debug|iPhone.ActiveCfg = Debug|iPhone
		{9D7B89E4-58D9-4594-98E8-B7F036D71665}.Debug|iPhone.Build.0 = Debug|iPhone
		{9D7B89E4-58D9-4594-98E8-B7F036D71665}.Debug|iPhone.Deploy.0 = Debug|iPhone
		{9D7B89E4-58D9-4594-98E8-B7F036D71665}.Debug|iPhoneSimulator.ActiveCfg = Debug|iPhoneSimulator
		{9D7B89E4-58D9-4594-98E8-B7F036D71665}.Debug|iPhoneSimulator.Build.0 = Debug|iPhoneSimulator
		{9D7B89E4-58D9-4594-98E8-B7F036D71665}.Debug|iPhoneSimulator.Deploy.0 = Debug|iPhoneSimulator
		{9D7B89E4-58D9-4594-98E8-B7F036D71665}.Debug|x64.ActiveCfg = Debug|iPhone
		{9D7B89E4-58D9-4594-98E8-B7F036D71665}.Debug|x64.Build.0 = Debug|iPhone
		{9D7B89E4-58D9-4594-98E8-B7F036D71665}.Debug|x64.Deploy.0 = Debug|iPhone
		{9D7B89E4-58D9-4594-98E8-B7F036D71665}.Debug|x86.ActiveCfg = Debug|iPhone
		{9D7B89E4-58D9-4594-98E8-B7F036D71665}.Debug|x86.Build.0 = Debug|iPhone
		{9D7B89E4-58D9-4594-98E8-B7F036D71665}.Debug|x86.Deploy.0 = Debug|iPhone
		{9D7B89E4-58D9-4594-98E8-B7F036D71665}.Release|Any CPU.ActiveCfg = Release|iPhone
		{9D7B89E4-58D9-4594-98E8-B7F036D71665}.Release|Any CPU.Build.0 = Release|iPhone
		{9D7B89E4-58D9-4594-98E8-B7F036D71665}.Release|Any CPU.Deploy.0 = Release|iPhone
		{9D7B89E4-58D9-4594-98E8-B7F036D71665}.Release|ARM.ActiveCfg = Release|iPhone
		{9D7B89E4-58D9-4594-98E8-B7F036D71665}.Release|ARM.Build.0 = Release|iPhone
		{9D7B89E4-58D9-4594-98E8-B7F036D71665}.Release|ARM.Deploy.0 = Release|iPhone
		{9D7B89E4-58D9-4594-98E8-B7F036D71665}.Release|iPhone.ActiveCfg = Release|iPhone
		{9D7B89E4-58D9-4594-98E8-B7F036D71665}.Release|iPhone.Build.0 = Release|iPhone
		{9D7B89E4-58D9-4594-98E8-B7F036D71665}.Release|iPhone.Deploy.0 = Release|iPhone
		{9D7B89E4-58D9-4594-98E8-B7F036D71665}.Release|iPhoneSimulator.ActiveCfg = Release|iPhoneSimulator
		{9D7B89E4-58D9-4594-98E8-B7F036D71665}.Release|iPhoneSimulator.Build.0 = Release|iPhoneSimulator
		{9D7B89E4-58D9-4594-98E8-B7F036D71665}.Release|iPhoneSimulator.Deploy.0 = Release|iPhoneSimulator
		{9D7B89E4-58D9-4594-98E8-B7F036D71665}.Release|x64.ActiveCfg = Release|iPhone
		{9D7B89E4-58D9-4594-98E8-B7F036D71665}.Release|x64.Build.0 = Release|iPhone
		{9D7B89E4-58D9-4594-98E8-B7F036D71665}.Release|x64.Deploy.0 = Release|iPhone
		{9D7B89E4-58D9-4594-98E8-B7F036D71665}.Release|x86.ActiveCfg = Release|iPhone
		{9D7B89E4-58D9-4594-98E8-B7F036D71665}.Release|x86.Build.0 = Release|iPhone
		{9D7B89E4-58D9-4594-98E8-B7F036D71665}.Release|x86.Deploy.0 = Release|iPhone
		{EE7B296F-618A-4001-95D4-C1489575CC02}.Ad-Hoc|Any CPU.ActiveCfg = Release|x86
		{EE7B296F-618A-4001-95D4-C1489575CC02}.Ad-Hoc|Any CPU.Build.0 = Release|x86
		{EE7B296F-618A-4001-95D4-C1489575CC02}.Ad-Hoc|Any CPU.Deploy.0 = Release|x86
		{EE7B296F-618A-4001-95D4-C1489575CC02}.Ad-Hoc|ARM.ActiveCfg = Release|ARM
		{EE7B296F-618A-4001-95D4-C1489575CC02}.Ad-Hoc|ARM.Build.0 = Release|ARM
		{EE7B296F-618A-4001-95D4-C1489575CC02}.Ad-Hoc|ARM.Deploy.0 = Release|ARM
		{EE7B296F-618A-4001-95D4-C1489575CC02}.Ad-Hoc|iPhone.ActiveCfg = Release|x86
		{EE7B296F-618A-4001-95D4-C1489575CC02}.Ad-Hoc|iPhone.Build.0 = Release|x86
		{EE7B296F-618A-4001-95D4-C1489575CC02}.Ad-Hoc|iPhone.Deploy.0 = Release|x86
		{EE7B296F-618A-4001-95D4-C1489575CC02}.Ad-Hoc|iPhoneSimulator.ActiveCfg = Release|x86
		{EE7B296F-618A-4001-95D4-C1489575CC02}.Ad-Hoc|iPhoneSimulator.Build.0 = Release|x86
		{EE7B296F-618A-4001-95D4-C1489575CC02}.Ad-Hoc|iPhoneSimulator.Deploy.0 = Release|x86
		{EE7B296F-618A-4001-95D4-C1489575CC02}.Ad-Hoc|x64.ActiveCfg = Release|x64
		{EE7B296F-618A-4001-95D4-C1489575CC02}.Ad-Hoc|x64.Build.0 = Release|x64
		{EE7B296F-618A-4001-95D4-C1489575CC02}.Ad-Hoc|x64.Deploy.0 = Release|x64
		{EE7B296F-618A-4001-95D4-C1489575CC02}.Ad-Hoc|x86.ActiveCfg = Release|x86
		{EE7B296F-618A-4001-95D4-C1489575CC02}.Ad-Hoc|x86.Build.0 = Release|x86
		{EE7B296F-618A-4001-95D4-C1489575CC02}.Ad-Hoc|x86.Deploy.0 = Release|x86
		{EE7B296F-618A-4001-95D4-C1489575CC02}.AppStore|Any CPU.ActiveCfg = Release|x86
		{EE7B296F-618A-4001-95D4-C1489575CC02}.AppStore|Any CPU.Build.0 = Release|x86
		{EE7B296F-618A-4001-95D4-C1489575CC02}.AppStore|Any CPU.Deploy.0 = Release|x86
		{EE7B296F-618A-4001-95D4-C1489575CC02}.AppStore|ARM.ActiveCfg = Release|ARM
		{EE7B296F-618A-4001-95D4-C1489575CC02}.AppStore|ARM.Build.0 = Release|ARM
		{EE7B296F-618A-4001-95D4-C1489575CC02}.AppStore|ARM.Deploy.0 = Release|ARM
		{EE7B296F-618A-4001-95D4-C1489575CC02}.AppStore|iPhone.ActiveCfg = Release|x86
		{EE7B296F-618A-4001-95D4-C1489575CC02}.AppStore|iPhone.Build.0 = Release|x86
		{EE7B296F-618A-4001-95D4-C1489575CC02}.AppStore|iPhone.Deploy.0 = Release|x86
		{EE7B296F-618A-4001-95D4-C1489575CC02}.AppStore|iPhoneSimulator.ActiveCfg = Release|x86
		{EE7B296F-618A-4001-95D4-C1489575CC02}.AppStore|iPhoneSimulator.Build.0 = Release|x86
		{EE7B296F-618A-4001-95D4-C1489575CC02}.AppStore|iPhoneSimulator.Deploy.0 = Release|x86
		{EE7B296F-618A-4001-95D4-C1489575CC02}.AppStore|x64.ActiveCfg = Release|x64
		{EE7B296F-618A-4001-95D4-C1489575CC02}.AppStore|x64.Build.0 = Release|x64
		{EE7B296F-618A-4001-95D4-C1489575CC02}.AppStore|x64.Deploy.0 = Release|x64
		{EE7B296F-618A-4001-95D4-C1489575CC02}.AppStore|x86.ActiveCfg = Release|x86
		{EE7B296F-618A-4001-95D4-C1489575CC02}.AppStore|x86.Build.0 = Release|x86
		{EE7B296F-618A-4001-95D4-C1489575CC02}.AppStore|x86.Deploy.0 = Release|x86
		{EE7B296F-618A-4001-95D4-C1489575CC02}.Debug|Any CPU.ActiveCfg = Debug|x86
		{EE7B296F-618A-4001-95D4-C1489575CC02}.Debug|Any CPU.Build.0 = Debug|x86
		{EE7B296F-618A-4001-95D4-C1489575CC02}.Debug|Any CPU.Deploy.0 = Debug|x86
		{EE7B296F-618A-4001-95D4-C1489575CC02}.Debug|ARM.ActiveCfg = Debug|ARM
		{EE7B296F-618A-4001-95D4-C1489575CC02}.Debug|ARM.Build.0 = Debug|ARM
		{EE7B296F-618A-4001-95D4-C1489575CC02}.Debug|ARM.Deploy.0 = Debug|ARM
		{EE7B296F-618A-4001-95D4-C1489575CC02}.Debug|iPhone.ActiveCfg = Debug|x86
		{EE7B296F-618A-4001-95D4-C1489575CC02}.Debug|iPhone.Build.0 = Debug|x86
		{EE7B296F-618A-4001-95D4-C1489575CC02}.Debug|iPhone.Deploy.0 = Debug|x86
		{EE7B296F-618A-4001-95D4-C1489575CC02}.Debug|iPhoneSimulator.ActiveCfg = Debug|x86
		{EE7B296F-618A-4001-95D4-C1489575CC02}.Debug|iPhoneSimulator.Build.0 = Debug|x86
		{EE7B296F-618A-4001-95D4-C1489575CC02}.Debug|iPhoneSimulator.Deploy.0 = Debug|x86
		{EE7B296F-618A-4001-95D4-C1489575CC02}.Debug|x64.ActiveCfg = Debug|x64
		{EE7B296F-618A-4001-95D4-C1489575CC02}.Debug|x64.Build.0 = Debug|x64
		{EE7B296F-618A-4001-95D4-C1489575CC02}.Debug|x64.Deploy.0 = Debug|x64
		{EE7B296F-618A-4001-95D4-C1489575CC02}.Debug|x86.ActiveCfg = Debug|x86
		{EE7B296F-618A-4001-95D4-C1489575CC02}.Debug|x86.Build.0 = Debug|x86
		{EE7B296F-618A-4001-95D4-C1489575CC02}.Debug|x86.Deploy.0 = Debug|x86
		{EE7B296F-618A-4001-95D4-C1489575CC02}.Release|Any CPU.ActiveCfg = Release|x86
		{EE7B296F-618A-4001-95D4-C1489575CC02}.Release|Any CPU.Build.0 = Release|x86
		{EE7B296F-618A-4001-95D4-C1489575CC02}.Release|Any CPU.Deploy.0 = Release|x86
		{EE7B296F-618A-4001-95D4-C1489575CC02}.Release|ARM.ActiveCfg = Release|ARM
		{EE7B296F-618A-4001-95D4-C1489575CC02}.Release|ARM.Build.0 = Release|ARM
		{EE7B296F-618A-4001-95D4-C1489575CC02}.Release|ARM.Deploy.0 = Release|ARM
		{EE7B296F-618A-4001-95D4-C1489575CC02}.Release|iPhone.ActiveCfg = Release|x86
		{EE7B296F-618A-4001-95D4-C1489575CC02}.Release|iPhone.Build.0 = Release|x86
		{EE7B296F-618A-4001-95D4-C1489575CC02}.Release|iPhone.Deploy.0 = Release|x86
		{EE7B296F-618A-4001-95D4-C1489575CC02}.Release|iPhoneSimulator.ActiveCfg = Release|x86
		{EE7B296F-618A-4001-95D4-C1489575CC02}.Release|iPhoneSimulator.Build.0 = Release|x86
		{EE7B296F-618A-4001-95D4-C1489575CC02}.Release|iPhoneSimulator.Deploy.0 = Release|x86
		{EE7B296F-618A-4001-95D4-C1489575CC02}.Release|x64.ActiveCfg = Release|x64
		{EE7B296F-618A-4001-95D4-C1489575CC02}.Release|x64.Build.0 = Release|x64
		{EE7B296F-618A-4001-95D4-C1489575CC02}.Release|x64.Deploy.0 = Release|x64
		{EE7B296F-618A-4001-95D4-C1489575CC02}.Release|x86.ActiveCfg = Release|x86
		{EE7B296F-618A-4001-95D4-C1489575CC02}.Release|x86.Build.0 = Release|x86
		{EE7B296F-618A-4001-95D4-C1489575CC02}.Release|x86.Deploy.0 = Release|x86
		{0D2AAFA8-50A2-461F-BB00-E0438773BB36}.Ad-Hoc|Any CPU.ActiveCfg = Debug|Any CPU
		{0D2AAFA8-50A2-461F-BB00-E0438773BB36}.Ad-Hoc|Any CPU.Build.0 = Debug|Any CPU
		{0D2AAFA8-50A2-461F-BB00-E0438773BB36}.Ad-Hoc|Any CPU.Deploy.0 = Debug|Any CPU
		{0D2AAFA8-50A2-461F-BB00-E0438773BB36}.Ad-Hoc|ARM.ActiveCfg = Debug|Any CPU
		{0D2AAFA8-50A2-461F-BB00-E0438773BB36}.Ad-Hoc|ARM.Build.0 = Debug|Any CPU
		{0D2AAFA8-50A2-461F-BB00-E0438773BB36}.Ad-Hoc|ARM.Deploy.0 = Debug|Any CPU
		{0D2AAFA8-50A2-461F-BB00-E0438773BB36}.Ad-Hoc|iPhone.ActiveCfg = Debug|Any CPU
		{0D2AAFA8-50A2-461F-BB00-E0438773BB36}.Ad-Hoc|iPhone.Build.0 = Debug|Any CPU
		{0D2AAFA8-50A2-461F-BB00-E0438773BB36}.Ad-Hoc|iPhone.Deploy.0 = Debug|Any CPU
		{0D2AAFA8-50A2-461F-BB00-E0438773BB36}.Ad-Hoc|iPhoneSimulator.ActiveCfg = Debug|Any CPU
		{0D2AAFA8-50A2-461F-BB00-E0438773BB36}.Ad-Hoc|iPhoneSimulator.Build.0 = Debug|Any CPU
		{0D2AAFA8-50A2-461F-BB00-E0438773BB36}.Ad-Hoc|iPhoneSimulator.Deploy.0 = Debug|Any CPU
		{0D2AAFA8-50A2-461F-BB00-E0438773BB36}.Ad-Hoc|x64.ActiveCfg = Debug|Any CPU
		{0D2AAFA8-50A2-461F-BB00-E0438773BB36}.Ad-Hoc|x64.Build.0 = Debug|Any CPU
		{0D2AAFA8-50A2-461F-BB00-E0438773BB36}.Ad-Hoc|x64.Deploy.0 = Debug|Any CPU
		{0D2AAFA8-50A2-461F-BB00-E0438773BB36}.Ad-Hoc|x86.ActiveCfg = Debug|Any CPU
		{0D2AAFA8-50A2-461F-BB00-E0438773BB36}.Ad-Hoc|x86.Build.0 = Debug|Any CPU
		{0D2AAFA8-50A2-461F-BB00-E0438773BB36}.Ad-Hoc|x86.Deploy.0 = Debug|Any CPU
		{0D2AAFA8-50A2-461F-BB00-E0438773BB36}.AppStore|Any CPU.ActiveCfg = Debug|Any CPU
		{0D2AAFA8-50A2-461F-BB00-E0438773BB36}.AppStore|Any CPU.Build.0 = Debug|Any CPU
		{0D2AAFA8-50A2-461F-BB00-E0438773BB36}.AppStore|Any CPU.Deploy.0 = Debug|Any CPU
		{0D2AAFA8-50A2-461F-BB00-E0438773BB36}.AppStore|ARM.ActiveCfg = Debug|Any CPU
		{0D2AAFA8-50A2-461F-BB00-E0438773BB36}.AppStore|ARM.Build.0 = Debug|Any CPU
		{0D2AAFA8-50A2-461F-BB00-E0438773BB36}.AppStore|ARM.Deploy.0 = Debug|Any CPU
		{0D2AAFA8-50A2-461F-BB00-E0438773BB36}.AppStore|iPhone.ActiveCfg = Debug|Any CPU
		{0D2AAFA8-50A2-461F-BB00-E0438773BB36}.AppStore|iPhone.Build.0 = Debug|Any CPU
		{0D2AAFA8-50A2-461F-BB00-E0438773BB36}.AppStore|iPhone.Deploy.0 = Debug|Any CPU
		{0D2AAFA8-50A2-461F-BB00-E0438773BB36}.AppStore|iPhoneSimulator.ActiveCfg = Debug|Any CPU
		{0D2AAFA8-50A2-461F-BB00-E0438773BB36}.AppStore|iPhoneSimulator.Build.0 = Debug|Any CPU
		{0D2AAFA8-50A2-461F-BB00-E0438773BB36}.AppStore|iPhoneSimulator.Deploy.0 = Debug|Any CPU
		{0D2AAFA8-50A2-461F-BB00-E0438773BB36}.AppStore|x64.ActiveCfg = Debug|Any CPU
		{0D2AAFA8-50A2-461F-BB00-E0438773BB36}.AppStore|x64.Build.0 = Debug|Any CPU
		{0D2AAFA8-50A2-461F-BB00-E0438773BB36}.AppStore|x64.Deploy.0 = Debug|Any CPU
		{0D2AAFA8-50A2-461F-BB00-E0438773BB36}.AppStore|x86.ActiveCfg = Debug|Any CPU
		{0D2AAFA8-50A2-461F-BB00-E0438773BB36}.AppStore|x86.Build.0 = Debug|Any CPU
		{0D2AAFA8-50A2-461F-BB00-E0438773BB36}.AppStore|x86.Deploy.0 = Debug|Any CPU
		{0D2AAFA8-50A2-461F-BB00-E0438773BB36}.Debug|Any CPU.ActiveCfg = Debug|Any CPU
		{0D2AAFA8-50A2-461F-BB00-E0438773BB36}.Debug|Any CPU.Build.0 = Debug|Any CPU
		{0D2AAFA8-50A2-461F-BB00-E0438773BB36}.Debug|Any CPU.Deploy.0 = Debug|Any CPU
		{0D2AAFA8-50A2-461F-BB00-E0438773BB36}.Debug|ARM.ActiveCfg = Debug|Any CPU
		{0D2AAFA8-50A2-461F-BB00-E0438773BB36}.Debug|ARM.Build.0 = Debug|Any CPU
		{0D2AAFA8-50A2-461F-BB00-E0438773BB36}.Debug|ARM.Deploy.0 = Debug|Any CPU
		{0D2AAFA8-50A2-461F-BB00-E0438773BB36}.Debug|iPhone.ActiveCfg = Debug|Any CPU
		{0D2AAFA8-50A2-461F-BB00-E0438773BB36}.Debug|iPhone.Build.0 = Debug|Any CPU
		{0D2AAFA8-50A2-461F-BB00-E0438773BB36}.Debug|iPhone.Deploy.0 = Debug|Any CPU
		{0D2AAFA8-50A2-461F-BB00-E0438773BB36}.Debug|iPhoneSimulator.ActiveCfg = Debug|Any CPU
		{0D2AAFA8-50A2-461F-BB00-E0438773BB36}.Debug|iPhoneSimulator.Build.0 = Debug|Any CPU
		{0D2AAFA8-50A2-461F-BB00-E0438773BB36}.Debug|iPhoneSimulator.Deploy.0 = Debug|Any CPU
		{0D2AAFA8-50A2-461F-BB00-E0438773BB36}.Debug|x64.ActiveCfg = Debug|Any CPU
		{0D2AAFA8-50A2-461F-BB00-E0438773BB36}.Debug|x64.Build.0 = Debug|Any CPU
		{0D2AAFA8-50A2-461F-BB00-E0438773BB36}.Debug|x64.Deploy.0 = Debug|Any CPU
		{0D2AAFA8-50A2-461F-BB00-E0438773BB36}.Debug|x86.ActiveCfg = Debug|Any CPU
		{0D2AAFA8-50A2-461F-BB00-E0438773BB36}.Debug|x86.Build.0 = Debug|Any CPU
		{0D2AAFA8-50A2-461F-BB00-E0438773BB36}.Debug|x86.Deploy.0 = Debug|Any CPU
		{0D2AAFA8-50A2-461F-BB00-E0438773BB36}.Release|Any CPU.ActiveCfg = Release|Any CPU
		{0D2AAFA8-50A2-461F-BB00-E0438773BB36}.Release|Any CPU.Build.0 = Release|Any CPU
		{0D2AAFA8-50A2-461F-BB00-E0438773BB36}.Release|Any CPU.Deploy.0 = Release|Any CPU
		{0D2AAFA8-50A2-461F-BB00-E0438773BB36}.Release|ARM.ActiveCfg = Release|Any CPU
		{0D2AAFA8-50A2-461F-BB00-E0438773BB36}.Release|ARM.Build.0 = Release|Any CPU
		{0D2AAFA8-50A2-461F-BB00-E0438773BB36}.Release|ARM.Deploy.0 = Release|Any CPU
		{0D2AAFA8-50A2-461F-BB00-E0438773BB36}.Release|iPhone.ActiveCfg = Release|Any CPU
		{0D2AAFA8-50A2-461F-BB00-E0438773BB36}.Release|iPhone.Build.0 = Release|Any CPU
		{0D2AAFA8-50A2-461F-BB00-E0438773BB36}.Release|iPhone.Deploy.0 = Release|Any CPU
		{0D2AAFA8-50A2-461F-BB00-E0438773BB36}.Release|iPhoneSimulator.ActiveCfg = Release|Any CPU
		{0D2AAFA8-50A2-461F-BB00-E0438773BB36}.Release|iPhoneSimulator.Build.0 = Release|Any CPU
		{0D2AAFA8-50A2-461F-BB00-E0438773BB36}.Release|iPhoneSimulator.Deploy.0 = Release|Any CPU
		{0D2AAFA8-50A2-461F-BB00-E0438773BB36}.Release|x64.ActiveCfg = Release|Any CPU
		{0D2AAFA8-50A2-461F-BB00-E0438773BB36}.Release|x64.Build.0 = Release|Any CPU
		{0D2AAFA8-50A2-461F-BB00-E0438773BB36}.Release|x64.Deploy.0 = Release|Any CPU
		{0D2AAFA8-50A2-461F-BB00-E0438773BB36}.Release|x86.ActiveCfg = Release|Any CPU
		{0D2AAFA8-50A2-461F-BB00-E0438773BB36}.Release|x86.Build.0 = Release|Any CPU
		{0D2AAFA8-50A2-461F-BB00-E0438773BB36}.Release|x86.Deploy.0 = Release|Any CPU
	EndGlobalSection
	GlobalSection(SolutionProperties) = preSolution
		HideSolutionNode = FALSE
	EndGlobalSection
	GlobalSection(ExtensibilityGlobals) = postSolution
		SolutionGuid = {B8CC956E-5DD6-46BD-A5F2-F63E6E9D2D80}
	EndGlobalSection
EndGlobal
